Microsoft Visual Studio Solution File, Format Version 12.00
# Visual Studio Version 17
VisualStudioVersion = 17.13.35806.99
MinimumVisualStudioVersion = 10.0.40219.1
Project("{FAE04EC0-301F-11D3-BF4B-00C04F79EFBC}") = "SimpleFormsAppWithComboBox", "SimpleFormsAppWithComboBox\SimpleFormsAppWithComboBox.csproj", "{50C05939-C92D-4519-A4ED-EF9B4B433A04}"
EndProject
Global
	GlobalSection(SolutionConfigurationPlatforms) = preSolution
		Debug|Any CPU = Debug|Any CPU
		Release|Any CPU = Release|Any CPU
	EndGlobalSection
	GlobalSection(ProjectConfigurationPlatforms) = postSolution
		{50C05939-C92D-4519-A4ED-EF9B4B433A04}.Debug|Any CPU.ActiveCfg = Debug|Any CPU
		{50C05939-C92D-4519-A4ED-EF9B4B433A04}.Debug|Any CPU.Build.0 = Debug|Any CPU
		{50C05939-C92D-4519-A4ED-EF9B4B433A04}.Release|Any CPU.ActiveCfg = Release|Any CPU
		{50C05939-C92D-4519-A4ED-EF9B4B433A04}.Release|Any CPU.Build.0 = Release|Any CPU
	EndGlobalSection
	GlobalSection(SolutionProperties) = preSolution
		HideSolutionNode = FALSE
	EndGlobalSection
	GlobalSection(ExtensibilityGlobals) = postSolution
		SolutionGuid = {47707A3A-8A53-4D44-8E68-9DE3580DF41E}
	EndGlobalSection
EndGlobal
